
Microsoft Visual Studio Solution File, Format Version 12.00
# Visual Studio Version 16
VisualStudioVersion = 16.0.30611.23
MinimumVisualStudioVersion = 10.0.40219.1
Project("{9A19103F-16F7-4668-BE54-9A1E7A4F7556}") = "OrdersApi", "OrdersApi\OrdersApi.csproj", "{713CC0C2-EA2B-430B-A2E9-6FCC53C87779}"
EndProject
Project("{FAE04EC0-301F-11D3-BF4B-00C04F79EFBC}") = "OrdersApiNUnit", "OrdersApiNUnit\OrdersApiNUnit.csproj", "{247681D9-0D21-44F2-9EEC-A93E0CA73294}"
EndProject
Global
	GlobalSection(SolutionConfigurationPlatforms) = preSolution
		Debug|Any CPU = Debug|Any CPU
		Release|Any CPU = Release|Any CPU
	EndGlobalSection
	GlobalSection(ProjectConfigurationPlatforms) = postSolution
		{713CC0C2-EA2B-430B-A2E9-6FCC53C87779}.Debug|Any CPU.ActiveCfg = Debug|Any CPU
		{713CC0C2-EA2B-430B-A2E9-6FCC53C87779}.Debug|Any CPU.Build.0 = Debug|Any CPU
		{713CC0C2-EA2B-430B-A2E9-6FCC53C87779}.Release|Any CPU.ActiveCfg = Release|Any CPU
		{713CC0C2-EA2B-430B-A2E9-6FCC53C87779}.Release|Any CPU.Build.0 = Release|Any CPU
		{247681D9-0D21-44F2-9EEC-A93E0CA73294}.Debug|Any CPU.ActiveCfg = Debug|Any CPU
		{247681D9-0D21-44F2-9EEC-A93E0CA73294}.Debug|Any CPU.Build.0 = Debug|Any CPU
		{247681D9-0D21-44F2-9EEC-A93E0CA73294}.Release|Any CPU.ActiveCfg = Release|Any CPU
		{247681D9-0D21-44F2-9EEC-A93E0CA73294}.Release|Any CPU.Build.0 = Release|Any CPU
	EndGlobalSection
	GlobalSection(SolutionProperties) = preSolution
		HideSolutionNode = FALSE
	EndGlobalSection
	GlobalSection(ExtensibilityGlobals) = postSolution
		SolutionGuid = {76E3CD02-7B9C-486C-B80B-EEDE16941A12}
	EndGlobalSection
EndGlobal
