
Microsoft Visual Studio Solution File, Format Version 12.00
# Visual Studio Version 16
VisualStudioVersion = 16.0.30611.23
MinimumVisualStudioVersion = 10.0.40219.1
Project("{FAE04EC0-301F-11D3-BF4B-00C04F79EFBC}") = "MvcClientApp", "MvcClientApp\MvcClientApp.csproj", "{3851F6EC-2704-4673-BC5B-EA3EBB4BA65B}"
EndProject
Global
	GlobalSection(SolutionConfigurationPlatforms) = preSolution
		Debug|Any CPU = Debug|Any CPU
		Release|Any CPU = Release|Any CPU
	EndGlobalSection
	GlobalSection(ProjectConfigurationPlatforms) = postSolution
		{3851F6EC-2704-4673-BC5B-EA3EBB4BA65B}.Debug|Any CPU.ActiveCfg = Debug|Any CPU
		{3851F6EC-2704-4673-BC5B-EA3EBB4BA65B}.Debug|Any CPU.Build.0 = Debug|Any CPU
		{3851F6EC-2704-4673-BC5B-EA3EBB4BA65B}.Release|Any CPU.ActiveCfg = Release|Any CPU
		{3851F6EC-2704-4673-BC5B-EA3EBB4BA65B}.Release|Any CPU.Build.0 = Release|Any CPU
	EndGlobalSection
	GlobalSection(SolutionProperties) = preSolution
		HideSolutionNode = FALSE
	EndGlobalSection
	GlobalSection(ExtensibilityGlobals) = postSolution
		SolutionGuid = {F5DDA9F1-6AE4-45CB-888F-36CB2C7E1018}
	EndGlobalSection
EndGlobal
